
Microsoft Visual Studio Solution File, Format Version 12.00
# Visual Studio Version 16
VisualStudioVersion = 16.0.29613.14
MinimumVisualStudioVersion = 10.0.40219.1
Project("{9A19103F-16F7-4668-BE54-9A1E7A4F7556}") = "GoodsAggregator.GUI", "GoodsAggregator.GUI\GoodsAggregator.GUI.csproj", "{C5E73AE8-BDF0-4D0C-9E1E-B2A573E5FA8A}"
EndProject
Project("{9A19103F-16F7-4668-BE54-9A1E7A4F7556}") = "GoodsAggregator.Parsers", "GoodsAggregator.Partsers\GoodsAggregator.Parsers.csproj", "{9D8FC321-0871-4DDF-83CA-038662DA620F}"
EndProject
Project("{FAE04EC0-301F-11D3-BF4B-00C04F79EFBC}") = "GoodsAggregator.DAL", "GoodsAggregator.DAL\GoodsAggregator.DAL.csproj", "{90AEA65A-7162-4431-B6E7-9049387A0C20}"
EndProject
Global
	GlobalSection(SolutionConfigurationPlatforms) = preSolution
		Debug|Any CPU = Debug|Any CPU
		Release|Any CPU = Release|Any CPU
	EndGlobalSection
	GlobalSection(ProjectConfigurationPlatforms) = postSolution
		{C5E73AE8-BDF0-4D0C-9E1E-B2A573E5FA8A}.Debug|Any CPU.ActiveCfg = Debug|Any CPU
		{C5E73AE8-BDF0-4D0C-9E1E-B2A573E5FA8A}.Debug|Any CPU.Build.0 = Debug|Any CPU
		{C5E73AE8-BDF0-4D0C-9E1E-B2A573E5FA8A}.Release|Any CPU.ActiveCfg = Release|Any CPU
		{C5E73AE8-BDF0-4D0C-9E1E-B2A573E5FA8A}.Release|Any CPU.Build.0 = Release|Any CPU
		{9D8FC321-0871-4DDF-83CA-038662DA620F}.Debug|Any CPU.ActiveCfg = Debug|Any CPU
		{9D8FC321-0871-4DDF-83CA-038662DA620F}.Debug|Any CPU.Build.0 = Debug|Any CPU
		{9D8FC321-0871-4DDF-83CA-038662DA620F}.Release|Any CPU.ActiveCfg = Release|Any CPU
		{9D8FC321-0871-4DDF-83CA-038662DA620F}.Release|Any CPU.Build.0 = Release|Any CPU
		{90AEA65A-7162-4431-B6E7-9049387A0C20}.Debug|Any CPU.ActiveCfg = Debug|Any CPU
		{90AEA65A-7162-4431-B6E7-9049387A0C20}.Debug|Any CPU.Build.0 = Debug|Any CPU
		{90AEA65A-7162-4431-B6E7-9049387A0C20}.Release|Any CPU.ActiveCfg = Release|Any CPU
		{90AEA65A-7162-4431-B6E7-9049387A0C20}.Release|Any CPU.Build.0 = Release|Any CPU
	EndGlobalSection
	GlobalSection(SolutionProperties) = preSolution
		HideSolutionNode = FALSE
	EndGlobalSection
	GlobalSection(ExtensibilityGlobals) = postSolution
		SolutionGuid = {813105D1-9020-40E9-8F1B-833FBE69C876}
	EndGlobalSection
EndGlobal
